
Microsoft Visual Studio Solution File, Format Version 11.00
# Visual Studio 2010
Project("{FAE04EC0-301F-11D3-BF4B-00C04F79EFBC}") = "WCFElcomed", "Elcomed\WCFElcomed.csproj", "{1B84FE2D-E049-4741-B26A-B107033AAC88}"
EndProject
Project("{FAE04EC0-301F-11D3-BF4B-00C04F79EFBC}") = "DataLayer", "DataLayer\DataLayer.csproj", "{4D90EF11-FFF6-4740-B5E0-AC7259345D30}"
EndProject
Project("{FAE04EC0-301F-11D3-BF4B-00C04F79EFBC}") = "TestClient", "TestClient\TestClient.csproj", "{E95FE32C-4523-4AB6-B9D0-EEDD8E0F61ED}"
EndProject
Global
	GlobalSection(SolutionConfigurationPlatforms) = preSolution
		Debug|Any CPU = Debug|Any CPU
		Release|Any CPU = Release|Any CPU
	EndGlobalSection
	GlobalSection(ProjectConfigurationPlatforms) = postSolution
		{1B84FE2D-E049-4741-B26A-B107033AAC88}.Debug|Any CPU.ActiveCfg = Debug|Any CPU
		{1B84FE2D-E049-4741-B26A-B107033AAC88}.Debug|Any CPU.Build.0 = Debug|Any CPU
		{1B84FE2D-E049-4741-B26A-B107033AAC88}.Release|Any CPU.ActiveCfg = Release|Any CPU
		{1B84FE2D-E049-4741-B26A-B107033AAC88}.Release|Any CPU.Build.0 = Release|Any CPU
		{4D90EF11-FFF6-4740-B5E0-AC7259345D30}.Debug|Any CPU.ActiveCfg = Debug|Any CPU
		{4D90EF11-FFF6-4740-B5E0-AC7259345D30}.Debug|Any CPU.Build.0 = Debug|Any CPU
		{4D90EF11-FFF6-4740-B5E0-AC7259345D30}.Release|Any CPU.ActiveCfg = Release|Any CPU
		{4D90EF11-FFF6-4740-B5E0-AC7259345D30}.Release|Any CPU.Build.0 = Release|Any CPU
		{E95FE32C-4523-4AB6-B9D0-EEDD8E0F61ED}.Debug|Any CPU.ActiveCfg = Debug|Any CPU
		{E95FE32C-4523-4AB6-B9D0-EEDD8E0F61ED}.Debug|Any CPU.Build.0 = Debug|Any CPU
		{E95FE32C-4523-4AB6-B9D0-EEDD8E0F61ED}.Release|Any CPU.ActiveCfg = Release|Any CPU
		{E95FE32C-4523-4AB6-B9D0-EEDD8E0F61ED}.Release|Any CPU.Build.0 = Release|Any CPU
	EndGlobalSection
	GlobalSection(SolutionProperties) = preSolution
		HideSolutionNode = FALSE
	EndGlobalSection
EndGlobal
